
Microsoft Visual Studio Solution File, Format Version 12.00
# Visual Studio Version 16
VisualStudioVersion = 16.0.31112.23
MinimumVisualStudioVersion = 10.0.40219.1
Project("{FAE04EC0-301F-11D3-BF4B-00C04F79EFBC}") = "VCS", "VCS\VCS.csproj", "{CC968A4B-A11C-43E9-93EB-4B93A06DC20D}"
EndProject
Global
	GlobalSection(SolutionConfigurationPlatforms) = preSolution
		Debug|Any CPU = Debug|Any CPU
		Release|Any CPU = Release|Any CPU
	EndGlobalSection
	GlobalSection(ProjectConfigurationPlatforms) = postSolution
		{CC968A4B-A11C-43E9-93EB-4B93A06DC20D}.Debug|Any CPU.ActiveCfg = Debug|Any CPU
		{CC968A4B-A11C-43E9-93EB-4B93A06DC20D}.Debug|Any CPU.Build.0 = Debug|Any CPU
		{CC968A4B-A11C-43E9-93EB-4B93A06DC20D}.Release|Any CPU.ActiveCfg = Release|Any CPU
		{CC968A4B-A11C-43E9-93EB-4B93A06DC20D}.Release|Any CPU.Build.0 = Release|Any CPU
	EndGlobalSection
	GlobalSection(SolutionProperties) = preSolution
		HideSolutionNode = FALSE
	EndGlobalSection
	GlobalSection(ExtensibilityGlobals) = postSolution
		SolutionGuid = {361BD18A-3219-4347-BCAA-008BAF2A9F13}
	EndGlobalSection
EndGlobal
